Microsoft Visual Studio Solution File, Format Version 12.00
# Visual Studio 15
VisualStudioVersion = 15.0.27130.2003
MinimumVisualStudioVersion = 10.0.40219.1
Project("{8BC9CEB8-8B4A-11D0-8D11-00A0C91BC942}") = "Raslite", "Raslite\Raslite.vcxproj", "{B1C903D1-5546-45B7-ACF1-84D43D2D63A5}"
EndProject
Project("{8BC9CEB8-8B4A-11D0-8D11-00A0C91BC942}") = "Example", "Example\Example.vcxproj", "{102EC958-A7C0-48E1-B4C1-89D3FF06600A}"
EndProject
Global
	GlobalSection(SolutionConfigurationPlatforms) = preSolution
		Debug|x64 = Debug|x64
		Debug|x86 = Debug|x86
		Release|x64 = Release|x64
		Release|x86 = Release|x86
	EndGlobalSection
	GlobalSection(ProjectConfigurationPlatforms) = postSolution
		{B1C903D1-5546-45B7-ACF1-84D43D2D63A5}.Debug|x64.ActiveCfg = Debug|x64
		{B1C903D1-5546-45B7-ACF1-84D43D2D63A5}.Debug|x64.Build.0 = Debug|x64
		{B1C903D1-5546-45B7-ACF1-84D43D2D63A5}.Debug|x86.ActiveCfg = Debug|Win32
		{B1C903D1-5546-45B7-ACF1-84D43D2D63A5}.Debug|x86.Build.0 = Debug|Win32
		{B1C903D1-5546-45B7-ACF1-84D43D2D63A5}.Release|x64.ActiveCfg = Release|x64
		{B1C903D1-5546-45B7-ACF1-84D43D2D63A5}.Release|x64.Build.0 = Release|x64
		{B1C903D1-5546-45B7-ACF1-84D43D2D63A5}.Release|x86.ActiveCfg = Release|Win32
		{B1C903D1-5546-45B7-ACF1-84D43D2D63A5}.Release|x86.Build.0 = Release|Win32
		{102EC958-A7C0-48E1-B4C1-89D3FF06600A}.Debug|x64.ActiveCfg = Debug|x64
		{102EC958-A7C0-48E1-B4C1-89D3FF06600A}.Debug|x64.Build.0 = Debug|x64
		{102EC958-A7C0-48E1-B4C1-89D3FF06600A}.Debug|x86.ActiveCfg = Debug|Win32
		{102EC958-A7C0-48E1-B4C1-89D3FF06600A}.Debug|x86.Build.0 = Debug|Win32
		{102EC958-A7C0-48E1-B4C1-89D3FF06600A}.Release|x64.ActiveCfg = Release|x64
		{102EC958-A7C0-48E1-B4C1-89D3FF06600A}.Release|x64.Build.0 = Release|x64
		{102EC958-A7C0-48E1-B4C1-89D3FF06600A}.Release|x86.ActiveCfg = Release|Win32
		{102EC958-A7C0-48E1-B4C1-89D3FF06600A}.Release|x86.Build.0 = Release|Win32
	EndGlobalSection
	GlobalSection(SolutionProperties) = preSolution
		HideSolutionNode = FALSE
	EndGlobalSection
	GlobalSection(ExtensibilityGlobals) = postSolution
		SolutionGuid = {46D82F4F-B903-418D-A11F-F5C908323785}
	EndGlobalSection
EndGlobal
